
Microsoft Visual Studio Solution File, Format Version 12.00
# Visual Studio Version 16
VisualStudioVersion = 16.0.30002.166
MinimumVisualStudioVersion = 10.0.40219.1
Project("{FAE04EC0-301F-11D3-BF4B-00C04F79EFBC}") = "MyEvernoteConsole", "MyEvernoteConsole\MyEvernoteConsole.csproj", "{AA08BA95-FD4A-4B3C-A6A9-14D154AB9E70}"
EndProject
Global
	GlobalSection(SolutionConfigurationPlatforms) = preSolution
		Debug|Any CPU = Debug|Any CPU
		Release|Any CPU = Release|Any CPU
	EndGlobalSection
	GlobalSection(ProjectConfigurationPlatforms) = postSolution
		{AA08BA95-FD4A-4B3C-A6A9-14D154AB9E70}.Debug|Any CPU.ActiveCfg = Debug|Any CPU
		{AA08BA95-FD4A-4B3C-A6A9-14D154AB9E70}.Debug|Any CPU.Build.0 = Debug|Any CPU
		{AA08BA95-FD4A-4B3C-A6A9-14D154AB9E70}.Release|Any CPU.ActiveCfg = Release|Any CPU
		{AA08BA95-FD4A-4B3C-A6A9-14D154AB9E70}.Release|Any CPU.Build.0 = Release|Any CPU
	EndGlobalSection
	GlobalSection(SolutionProperties) = preSolution
		HideSolutionNode = FALSE
	EndGlobalSection
	GlobalSection(ExtensibilityGlobals) = postSolution
		SolutionGuid = {FC61B25F-A552-4D22-99B5-7EC40DC29691}
	EndGlobalSection
EndGlobal
